
Microsoft Visual Studio Solution File, Format Version 12.00
# Visual Studio 15
VisualStudioVersion = 15.0.27004.2009
MinimumVisualStudioVersion = 10.0.40219.1
Project("{8BC9CEB8-8B4A-11D0-8D11-00A0C91BC942}") = "Sandbox", "Sandbox\Sandbox.vcxproj", "{14E4CB41-20EE-459F-8CFB-3F7ADCA8FDEC}"
EndProject
Project("{8BC9CEB8-8B4A-11D0-8D11-00A0C91BC942}") = "Louizy", "Louizy\Louizy.vcxproj", "{6BADA160-4948-4C9D-977E-D47668536E9D}"
EndProject
Global
	GlobalSection(SolutionConfigurationPlatforms) = preSolution
		Debug|x64 = Debug|x64
		Release|x64 = Release|x64
	EndGlobalSection
	GlobalSection(ProjectConfigurationPlatforms) = postSolution
		{6BADA160-4948-4C9D-977E-D47668536E9D}.Debug|x64.ActiveCfg = Debug|x64
		{6BADA160-4948-4C9D-977E-D47668536E9D}.Debug|x64.Build.0 = Debug|x64
		{6BADA160-4948-4C9D-977E-D47668536E9D}.Release|x64.ActiveCfg = Release|x64
		{6BADA160-4948-4C9D-977E-D47668536E9D}.Release|x64.Build.0 = Release|x64
		{14E4CB41-20EE-459F-8CFB-3F7ADCA8FDEC}.Debug|x64.ActiveCfg = Debug|x64
		{14E4CB41-20EE-459F-8CFB-3F7ADCA8FDEC}.Debug|x64.Build.0 = Debug|x64
		{14E4CB41-20EE-459F-8CFB-3F7ADCA8FDEC}.Release|x64.ActiveCfg = Release|x64
		{14E4CB41-20EE-459F-8CFB-3F7ADCA8FDEC}.Release|x64.Build.0 = Release|x64
	EndGlobalSection
	GlobalSection(SolutionProperties) = preSolution
		HideSolutionNode = FALSE
	EndGlobalSection
	GlobalSection(ExtensibilityGlobals) = postSolution
		SolutionGuid = {FC88F772-2C80-4797-8038-126D950CEC4C}
	EndGlobalSection
EndGlobal
